// !$*UTF8*$!
{
	archiveVersion = 1;
	classes = {
	};
	objectVersion = 56;
	objects = {

/* Begin PBXBuildFile section */
		4D1C82362AB4840D0059B63C /* AppDelegate.swift in Sources */ = {isa = PBXBuildFile; fileRef = 4D1C82352AB4840D0059B63C /* AppDelegate.swift */; };
		4D1C82382AB4840D0059B63C /* SceneDelegate.swift in Sources */ = {isa = PBXBuildFile; fileRef = 4D1C82372AB4840D0059B63C /* SceneDelegate.swift */; };
		4D1C823F2AB4840D0059B63C /* Assets.xcassets in Resources */ = {isa = PBXBuildFile; fileRef = 4D1C823E2AB4840D0059B63C /* Assets.xcassets */; };
		4D1C82422AB4840D0059B63C /* LaunchScreen.storyboard in Resources */ = {isa = PBXBuildFile; fileRef = 4D1C82402AB4840D0059B63C /* LaunchScreen.storyboard */; };
		4DA3A6E52AB4D0AC00EDD914 /* ServicesViewController.swift in Sources */ = {isa = PBXBuildFile; fileRef = 4DA3A6E42AB4D0AC00EDD914 /* ServicesViewController.swift */; };
		4DA3A6E72AB4D0D200EDD914 /* ServicesViewModel.swift in Sources */ = {isa = PBXBuildFile; fileRef = 4DA3A6E62AB4D0D200EDD914 /* ServicesViewModel.swift */; };
		4DA3A6E92AB4D13600EDD914 /* ServicesViewState.swift in Sources */ = {isa = PBXBuildFile; fileRef = 4DA3A6E82AB4D13600EDD914 /* ServicesViewState.swift */; };
		4DA3A6EC2AB4D20500EDD914 /* String+Extension.swift in Sources */ = {isa = PBXBuildFile; fileRef = 4DA3A6EB2AB4D20500EDD914 /* String+Extension.swift */; };
		4DA3A6F02AB4D7F500EDD914 /* ServicesFactory.swift in Sources */ = {isa = PBXBuildFile; fileRef = 4DA3A6EF2AB4D7F500EDD914 /* ServicesFactory.swift */; };
		4DA3A6F62AB4DA9100EDD914 /* ServicesCollectionView.swift in Sources */ = {isa = PBXBuildFile; fileRef = 4DA3A6F52AB4DA9100EDD914 /* ServicesCollectionView.swift */; };
		4DA3A6F92AB4DB4200EDD914 /* SnapKit in Frameworks */ = {isa = PBXBuildFile; productRef = 4DA3A6F82AB4DB4200EDD914 /* SnapKit */; };
		4DA3A6FB2AB4EA8E00EDD914 /* ServiceBoxCollectionViewCell.swift in Sources */ = {isa = PBXBuildFile; fileRef = 4DA3A6FA2AB4EA8E00EDD914 /* ServiceBoxCollectionViewCell.swift */; };
		4DA3A6FD2AB4F0BC00EDD914 /* UIView+Extension.swift in Sources */ = {isa = PBXBuildFile; fileRef = 4DA3A6FC2AB4F0BC00EDD914 /* UIView+Extension.swift */; };
		4DA3A6FF2AB4FDE200EDD914 /* UIImage+Extension.swift in Sources */ = {isa = PBXBuildFile; fileRef = 4DA3A6FE2AB4FDE200EDD914 /* UIImage+Extension.swift */; };
		4DA3A7022AB6021F00EDD914 /* ImageFinder.swift in Sources */ = {isa = PBXBuildFile; fileRef = 4DA3A7012AB6021F00EDD914 /* ImageFinder.swift */; };
		4DA3A7042AB61FFE00EDD914 /* ServiceLineCollectionViewCell.swift in Sources */ = {isa = PBXBuildFile; fileRef = 4DA3A7032AB61FFE00EDD914 /* ServiceLineCollectionViewCell.swift */; };
		4DA3A7082AB649D000EDD914 /* Images.swift in Sources */ = {isa = PBXBuildFile; fileRef = 4DA3A7072AB649D000EDD914 /* Images.swift */; };
		4DA3A70E2AB64ADC00EDD914 /* ServicesCoordinator.swift in Sources */ = {isa = PBXBuildFile; fileRef = 4DA3A70D2AB64ADC00EDD914 /* ServicesCoordinator.swift */; };
		4DA3A7102AB6510400EDD914 /* ServicesCollectionViewHeader.swift in Sources */ = {isa = PBXBuildFile; fileRef = 4DA3A70F2AB6510400EDD914 /* ServicesCollectionViewHeader.swift */; };
/* End PBXBuildFile section */

/* Begin PBXFileReference section */
		4D1C82322AB4840D0059B63C /* MTServicesDemo.app */ = {isa = PBXFileReference; explicitFileType = wrapper.application; includeInIndex = 0; path = MTServicesDemo.app; sourceTree = BUILT_PRODUCTS_DIR; };
		4D1C82352AB4840D0059B63C /* AppDelegate.swift */ = {isa = PBXFileReference; lastKnownFileType = sourcecode.swift; path = AppDelegate.swift; sourceTree = "<group>"; };
		4D1C82372AB4840D0059B63C /* SceneDelegate.swift */ = {isa = PBXFileReference; lastKnownFileType = sourcecode.swift; path = SceneDelegate.swift; sourceTree = "<group>"; };
		4D1C823E2AB4840D0059B63C /* Assets.xcassets */ = {isa = PBXFileReference; lastKnownFileType = folder.assetcatalog; path = Assets.xcassets; sourceTree = "<group>"; };
		4D1C82412AB4840D0059B63C /* Base */ = {isa = PBXFileReference; lastKnownFileType = file.storyboard; name = Base; path = Base.lproj/LaunchScreen.storyboard; sourceTree = "<group>"; };
		4D1C82432AB4840E0059B63C /* Info.plist */ = {isa = PBXFileReference; lastKnownFileType = text.plist.xml; path = Info.plist; sourceTree = "<group>"; };
		4DA3A6E42AB4D0AC00EDD914 /* ServicesViewController.swift */ = {isa = PBXFileReference; lastKnownFileType = sourcecode.swift; path = ServicesViewController.swift; sourceTree = "<group>"; };
		4DA3A6E62AB4D0D200EDD914 /* ServicesViewModel.swift */ = {isa = PBXFileReference; lastKnownFileType = sourcecode.swift; path = ServicesViewModel.swift; sourceTree = "<group>"; };
		4DA3A6E82AB4D13600EDD914 /* ServicesViewState.swift */ = {isa = PBXFileReference; lastKnownFileType = sourcecode.swift; path = ServicesViewState.swift; sourceTree = "<group>"; };
		4DA3A6EB2AB4D20500EDD914 /* String+Extension.swift */ = {isa = PBXFileReference; lastKnownFileType = sourcecode.swift; path = "String+Extension.swift"; sourceTree = "<group>"; };
		4DA3A6EF2AB4D7F500EDD914 /* ServicesFactory.swift */ = {isa = PBXFileReference; lastKnownFileType = sourcecode.swift; path = ServicesFactory.swift; sourceTree = "<group>"; };
		4DA3A6F52AB4DA9100EDD914 /* ServicesCollectionView.swift */ = {isa = PBXFileReference; lastKnownFileType = sourcecode.swift; path = ServicesCollectionView.swift; sourceTree = "<group>"; };
		4DA3A6FA2AB4EA8E00EDD914 /* ServiceBoxCollectionViewCell.swift */ = {isa = PBXFileReference; lastKnownFileType = sourcecode.swift; path = ServiceBoxCollectionViewCell.swift; sourceTree = "<group>"; };
		4DA3A6FC2AB4F0BC00EDD914 /* UIView+Extension.swift */ = {isa = PBXFileReference; lastKnownFileType = sourcecode.swift; path = "UIView+Extension.swift"; sourceTree = "<group>"; };
		4DA3A6FE2AB4FDE200EDD914 /* UIImage+Extension.swift */ = {isa = PBXFileReference; lastKnownFileType = sourcecode.swift; path = "UIImage+Extension.swift"; sourceTree = "<group>"; };
		4DA3A7012AB6021F00EDD914 /* ImageFinder.swift */ = {isa = PBXFileReference; lastKnownFileType = sourcecode.swift; path = ImageFinder.swift; sourceTree = "<group>"; };
		4DA3A7032AB61FFE00EDD914 /* ServiceLineCollectionViewCell.swift */ = {isa = PBXFileReference; lastKnownFileType = sourcecode.swift; path = ServiceLineCollectionViewCell.swift; sourceTree = "<group>"; };
		4DA3A7072AB649D000EDD914 /* Images.swift */ = {isa = PBXFileReference; lastKnownFileType = sourcecode.swift; path = Images.swift; sourceTree = "<group>"; };
		4DA3A70D2AB64ADC00EDD914 /* ServicesCoordinator.swift */ = {isa = PBXFileReference; lastKnownFileType = sourcecode.swift; path = ServicesCoordinator.swift; sourceTree = "<group>"; };
		4DA3A70F2AB6510400EDD914 /* ServicesCollectionViewHeader.swift */ = {isa = PBXFileReference; lastKnownFileType = sourcecode.swift; path = ServicesCollectionViewHeader.swift; sourceTree = "<group>"; };
/* End PBXFileReference section */

/* Begin PBXFrameworksBuildPhase section */
		4D1C822F2AB4840D0059B63C /* Frameworks */ = {
			isa = PBXFrameworksBuildPhase;
			buildActionMask = 2147483647;
			files = (
				4DA3A6F92AB4DB4200EDD914 /* SnapKit in Frameworks */,
			);
			runOnlyForDeploymentPostprocessing = 0;
		};
/* End PBXFrameworksBuildPhase section */

/* Begin PBXGroup section */
		4D1C82292AB4840D0059B63C = {
			isa = PBXGroup;
			children = (
				4D1C82342AB4840D0059B63C /* MTServicesDemo */,
				4D1C82332AB4840D0059B63C /* Products */,
			);
			sourceTree = "<group>";
		};
		4D1C82332AB4840D0059B63C /* Products */ = {
			isa = PBXGroup;
			children = (
				4D1C82322AB4840D0059B63C /* MTServicesDemo.app */,
			);
			name = Products;
			sourceTree = "<group>";
		};
		4D1C82342AB4840D0059B63C /* MTServicesDemo */ = {
			isa = PBXGroup;
			children = (
				4D1C82432AB4840E0059B63C /* Info.plist */,
				4D1C82352AB4840D0059B63C /* AppDelegate.swift */,
				4D1C82372AB4840D0059B63C /* SceneDelegate.swift */,
				4D1C82492AB484750059B63C /* Shared */,
				4D1C824B2AB4848A0059B63C /* Modules */,
				4D1C824A2AB4847A0059B63C /* Resources */,
			);
			path = MTServicesDemo;
			sourceTree = "<group>";
		};
		4D1C82492AB484750059B63C /* Shared */ = {
			isa = PBXGroup;
			children = (
				4DA3A6EA2AB4D15A00EDD914 /* CommonLayer */,
				4DA3A7002AB6020200EDD914 /* ServiceLayer */,
			);
			path = Shared;
			sourceTree = "<group>";
		};
		4D1C824A2AB4847A0059B63C /* Resources */ = {
			isa = PBXGroup;
			children = (
				4D1C823E2AB4840D0059B63C /* Assets.xcassets */,
				4D1C82402AB4840D0059B63C /* LaunchScreen.storyboard */,
			);
			path = Resources;
			sourceTree = "<group>";
		};
		4D1C824B2AB4848A0059B63C /* Modules */ = {
			isa = PBXGroup;
			children = (
				4DA3A70B2AB64AC200EDD914 /* Coordinator */,
				4DA3A6E12AB4D06400EDD914 /* Services */,
			);
			path = Modules;
			sourceTree = "<group>";
		};
		4DA3A6E12AB4D06400EDD914 /* Services */ = {
			isa = PBXGroup;
			children = (
				4DA3A6E32AB4D09000EDD914 /* AppLayer */,
				4DA3A6E22AB4D08300EDD914 /* ViewLayer */,
			);
			path = Services;
			sourceTree = "<group>";
		};
		4DA3A6E22AB4D08300EDD914 /* ViewLayer */ = {
			isa = PBXGroup;
			children = (
				4DA3A6F22AB4DA6000EDD914 /* Model */,
				4DA3A6F32AB4DA6700EDD914 /* View */,
				4DA3A6F42AB4DA7100EDD914 /* ViewModel */,
			);
			path = ViewLayer;
			sourceTree = "<group>";
		};
		4DA3A6E32AB4D09000EDD914 /* AppLayer */ = {
			isa = PBXGroup;
			children = (
				4DA3A6EF2AB4D7F500EDD914 /* ServicesFactory.swift */,
			);
			path = AppLayer;
			sourceTree = "<group>";
		};
		4DA3A6EA2AB4D15A00EDD914 /* CommonLayer */ = {
			isa = PBXGroup;
			children = (
				4DA3A7062AB649C500EDD914 /* Resources */,
				4DA3A7052AB649BA00EDD914 /* Extensions */,
			);
			path = CommonLayer;
			sourceTree = "<group>";
		};
		4DA3A6F22AB4DA6000EDD914 /* Model */ = {
			isa = PBXGroup;
			children = (
				4DA3A6E82AB4D13600EDD914 /* ServicesViewState.swift */,
			);
			path = Model;
			sourceTree = "<group>";
		};
		4DA3A6F32AB4DA6700EDD914 /* View */ = {
			isa = PBXGroup;
			children = (
				4DA3A6E42AB4D0AC00EDD914 /* ServicesViewController.swift */,
				4DA3A70F2AB6510400EDD914 /* ServicesCollectionViewHeader.swift */,
				4DA3A6F52AB4DA9100EDD914 /* ServicesCollectionView.swift */,
				4DA3A6FA2AB4EA8E00EDD914 /* ServiceBoxCollectionViewCell.swift */,
				4DA3A7032AB61FFE00EDD914 /* ServiceLineCollectionViewCell.swift */,
			);
			path = View;
			sourceTree = "<group>";
		};
		4DA3A6F42AB4DA7100EDD914 /* ViewModel */ = {
			isa = PBXGroup;
			children = (
				4DA3A6E62AB4D0D200EDD914 /* ServicesViewModel.swift */,
			);
			path = ViewModel;
			sourceTree = "<group>";
		};
		4DA3A7002AB6020200EDD914 /* ServiceLayer */ = {
			isa = PBXGroup;
			children = (
				4DA3A7012AB6021F00EDD914 /* ImageFinder.swift */,
			);
			path = ServiceLayer;
			sourceTree = "<group>";
		};
		4DA3A7052AB649BA00EDD914 /* Extensions */ = {
			isa = PBXGroup;
			children = (
				4DA3A6EB2AB4D20500EDD914 /* String+Extension.swift */,
				4DA3A6FC2AB4F0BC00EDD914 /* UIView+Extension.swift */,
				4DA3A6FE2AB4FDE200EDD914 /* UIImage+Extension.swift */,
			);
			path = Extensions;
			sourceTree = "<group>";
		};
		4DA3A7062AB649C500EDD914 /* Resources */ = {
			isa = PBXGroup;
			children = (
				4DA3A7072AB649D000EDD914 /* Images.swift */,
			);
			path = Resources;
			sourceTree = "<group>";
		};
		4DA3A70B2AB64AC200EDD914 /* Coordinator */ = {
			isa = PBXGroup;
			children = (
				4DA3A70C2AB64ACD00EDD914 /* ViewLayer */,
			);
			path = Coordinator;
			sourceTree = "<group>";
		};
		4DA3A70C2AB64ACD00EDD914 /* ViewLayer */ = {
			isa = PBXGroup;
			children = (
				4DA3A70D2AB64ADC00EDD914 /* ServicesCoordinator.swift */,
			);
			path = ViewLayer;
			sourceTree = "<group>";
		};
/* End PBXGroup section */

/* Begin PBXNativeTarget section */
		4D1C82312AB4840D0059B63C /* MTServicesDemo */ = {
			isa = PBXNativeTarget;
			buildConfigurationList = 4D1C82462AB4840E0059B63C /* Build configuration list for PBXNativeTarget "MTServicesDemo" */;
			buildPhases = (
				4D1C822E2AB4840D0059B63C /* Sources */,
				4D1C822F2AB4840D0059B63C /* Frameworks */,
				4D1C82302AB4840D0059B63C /* Resources */,
			);
			buildRules = (
			);
			dependencies = (
			);
			name = MTServicesDemo;
			packageProductDependencies = (
				4DA3A6F82AB4DB4200EDD914 /* SnapKit */,
			);
			productName = MTServicesDemo;
			productReference = 4D1C82322AB4840D0059B63C /* MTServicesDemo.app */;
			productType = "com.apple.product-type.application";
		};
/* End PBXNativeTarget section */

/* Begin PBXProject section */
		4D1C822A2AB4840D0059B63C /* Project object */ = {
			isa = PBXProject;
			attributes = {
				BuildIndependentTargetsInParallel = 1;
				LastSwiftUpdateCheck = 1430;
				LastUpgradeCheck = 1430;
				TargetAttributes = {
					4D1C82312AB4840D0059B63C = {
						CreatedOnToolsVersion = 14.3.1;
					};
				};
			};
			buildConfigurationList = 4D1C822D2AB4840D0059B63C /* Build configuration list for PBXProject "MTServicesDemo" */;
			compatibilityVersion = "Xcode 14.0";
			developmentRegion = en;
			hasScannedForEncodings = 0;
			knownRegions = (
				en,
				Base,
			);
			mainGroup = 4D1C82292AB4840D0059B63C;
			packageReferences = (
				4DA3A6F72AB4DB4200EDD914 /* XCRemoteSwiftPackageReference "SnapKit" */,
			);
			productRefGroup = 4D1C82332AB4840D0059B63C /* Products */;
			projectDirPath = "";
			projectRoot = "";
			targets = (
				4D1C82312AB4840D0059B63C /* MTServicesDemo */,
			);
		};
/* End PBXProject section */

/* Begin PBXResourcesBuildPhase section */
		4D1C82302AB4840D0059B63C /* Resources */ = {
			isa = PBXResourcesBuildPhase;
			buildActionMask = 2147483647;
			files = (
				4D1C82422AB4840D0059B63C /* LaunchScreen.storyboard in Resources */,
				4D1C823F2AB4840D0059B63C /* Assets.xcassets in Resources */,
			);
			runOnlyForDeploymentPostprocessing = 0;
		};
/* End PBXResourcesBuildPhase section */

/* Begin PBXSourcesBuildPhase section */
		4D1C822E2AB4840D0059B63C /* Sources */ = {
			isa = PBXSourcesBuildPhase;
			buildActionMask = 2147483647;
			files = (
				4DA3A6FB2AB4EA8E00EDD914 /* ServiceBoxCollectionViewCell.swift in Sources */,
				4DA3A6E52AB4D0AC00EDD914 /* ServicesViewController.swift in Sources */,
				4D1C82362AB4840D0059B63C /* AppDelegate.swift in Sources */,
				4DA3A7042AB61FFE00EDD914 /* ServiceLineCollectionViewCell.swift in Sources */,
				4DA3A6F62AB4DA9100EDD914 /* ServicesCollectionView.swift in Sources */,
				4DA3A7102AB6510400EDD914 /* ServicesCollectionViewHeader.swift in Sources */,
				4DA3A6E72AB4D0D200EDD914 /* ServicesViewModel.swift in Sources */,
				4DA3A6E92AB4D13600EDD914 /* ServicesViewState.swift in Sources */,
				4DA3A7082AB649D000EDD914 /* Images.swift in Sources */,
				4DA3A6EC2AB4D20500EDD914 /* String+Extension.swift in Sources */,
				4DA3A7022AB6021F00EDD914 /* ImageFinder.swift in Sources */,
				4DA3A6F02AB4D7F500EDD914 /* ServicesFactory.swift in Sources */,
				4DA3A6FD2AB4F0BC00EDD914 /* UIView+Extension.swift in Sources */,
				4DA3A6FF2AB4FDE200EDD914 /* UIImage+Extension.swift in Sources */,
				4D1C82382AB4840D0059B63C /* SceneDelegate.swift in Sources */,
				4DA3A70E2AB64ADC00EDD914 /* ServicesCoordinator.swift in Sources */,
			);
			runOnlyForDeploymentPostprocessing = 0;
		};
/* End PBXSourcesBuildPhase section */

/* Begin PBXVariantGroup section */
		4D1C82402AB4840D0059B63C /* LaunchScreen.storyboard */ = {
			isa = PBXVariantGroup;
			children = (
				4D1C82412AB4840D0059B63C /* Base */,
			);
			name = LaunchScreen.storyboard;
			sourceTree = "<group>";
		};
/* End PBXVariantGroup section */

/* Begin XCBuildConfiguration section */
		4D1C82442AB4840E0059B63C /* Debug */ = {
			isa = XCBuildConfiguration;
			buildSettings = {
				ALWAYS_SEARCH_USER_PATHS = NO;
				CLANG_ANALYZER_NONNULL = YES;
				CLANG_ANALYZER_NUMBER_OBJECT_CONVERSION = YES_AGGRESSIVE;
				CLANG_CXX_LANGUAGE_STANDARD = "gnu++20";
				CLANG_ENABLE_MODULES = YES;
				CLANG_ENABLE_OBJC_ARC = YES;
				CLANG_ENABLE_OBJC_WEAK = YES;
				CLANG_WARN_BLOCK_CAPTURE_AUTORELEASING = YES;
				CLANG_WARN_BOOL_CONVERSION = YES;
				CLANG_WARN_COMMA = YES;
				CLANG_WARN_CONSTANT_CONVERSION = YES;
				CLANG_WARN_DEPRECATED_OBJC_IMPLEMENTATIONS = YES;
				CLANG_WARN_DIRECT_OBJC_ISA_USAGE = YES_ERROR;
				CLANG_WARN_DOCUMENTATION_COMMENTS = YES;
				CLANG_WARN_EMPTY_BODY = YES;
				CLANG_WARN_ENUM_CONVERSION = YES;
				CLANG_WARN_INFINITE_RECURSION = YES;
				CLANG_WARN_INT_CONVERSION = YES;
				CLANG_WARN_NON_LITERAL_NULL_CONVERSION = YES;
				CLANG_WARN_OBJC_IMPLICIT_RETAIN_SELF = YES;
				CLANG_WARN_OBJC_LITERAL_CONVERSION = YES;
				CLANG_WARN_OBJC_ROOT_CLASS = YES_ERROR;
				CLANG_WARN_QUOTED_INCLUDE_IN_FRAMEWORK_HEADER = YES;
				CLANG_WARN_RANGE_LOOP_ANALYSIS = YES;
				CLANG_WARN_STRICT_PROTOTYPES = YES;
				CLANG_WARN_SUSPICIOUS_MOVE = YES;
				CLANG_WARN_UNGUARDED_AVAILABILITY = YES_AGGRESSIVE;
				CLANG_WARN_UNREACHABLE_CODE = YES;
				CLANG_WARN__DUPLICATE_METHOD_MATCH = YES;
				COPY_PHASE_STRIP = NO;
				DEBUG_INFORMATION_FORMAT = dwarf;
				ENABLE_STRICT_OBJC_MSGSEND = YES;
				ENABLE_TESTABILITY = YES;
				GCC_C_LANGUAGE_STANDARD = gnu11;
				GCC_DYNAMIC_NO_PIC = NO;
				GCC_NO_COMMON_BLOCKS = YES;
				GCC_OPTIMIZATION_LEVEL = 0;
				GCC_PREPROCESSOR_DEFINITIONS = (
					"DEBUG=1",
					"$(inherited)",
				);
				GCC_WARN_64_TO_32_BIT_CONVERSION = YES;
				GCC_WARN_ABOUT_RETURN_TYPE = YES_ERROR;
				GCC_WARN_UNDECLARED_SELECTOR = YES;
				GCC_WARN_UNINITIALIZED_AUTOS = YES_AGGRESSIVE;
				GCC_WARN_UNUSED_FUNCTION = YES;
				GCC_WARN_UNUSED_VARIABLE = YES;
				IPHONEOS_DEPLOYMENT_TARGET = 16.4;
				MTL_ENABLE_DEBUG_INFO = INCLUDE_SOURCE;
				MTL_FAST_MATH = YES;
				ONLY_ACTIVE_ARCH = YES;
				SDKROOT = iphoneos;
				SWIFT_ACTIVE_COMPILATION_CONDITIONS = DEBUG;
				SWIFT_OPTIMIZATION_LEVEL = "-Onone";
			};
			name = Debug;
		};
		4D1C82452AB4840E0059B63C /* Release */ = {
			isa = XCBuildConfiguration;
			buildSettings = {
				ALWAYS_SEARCH_USER_PATHS = NO;
				CLANG_ANALYZER_NONNULL = YES;
				CLANG_ANALYZER_NUMBER_OBJECT_CONVERSION = YES_AGGRESSIVE;
				CLANG_CXX_LANGUAGE_STANDARD = "gnu++20";
				CLANG_ENABLE_MODULES = YES;
				CLANG_ENABLE_OBJC_ARC = YES;
				CLANG_ENABLE_OBJC_WEAK = YES;
				CLANG_WARN_BLOCK_CAPTURE_AUTORELEASING = YES;
				CLANG_WARN_BOOL_CONVERSION = YES;
				CLANG_WARN_COMMA = YES;
				CLANG_WARN_CONSTANT_CONVERSION = YES;
				CLANG_WARN_DEPRECATED_OBJC_IMPLEMENTATIONS = YES;
				CLANG_WARN_DIRECT_OBJC_ISA_USAGE = YES_ERROR;
				CLANG_WARN_DOCUMENTATION_COMMENTS = YES;
				CLANG_WARN_EMPTY_BODY = YES;
				CLANG_WARN_ENUM_CONVERSION = YES;
				CLANG_WARN_INFINITE_RECURSION = YES;
				CLANG_WARN_INT_CONVERSION = YES;
				CLANG_WARN_NON_LITERAL_NULL_CONVERSION = YES;
				CLANG_WARN_OBJC_IMPLICIT_RETAIN_SELF = YES;
				CLANG_WARN_OBJC_LITERAL_CONVERSION = YES;
				CLANG_WARN_OBJC_ROOT_CLASS = YES_ERROR;
				CLANG_WARN_QUOTED_INCLUDE_IN_FRAMEWORK_HEADER = YES;
				CLANG_WARN_RANGE_LOOP_ANALYSIS = YES;
				CLANG_WARN_STRICT_PROTOTYPES = YES;
				CLANG_WARN_SUSPICIOUS_MOVE = YES;
				CLANG_WARN_UNGUARDED_AVAILABILITY = YES_AGGRESSIVE;
				CLANG_WARN_UNREACHABLE_CODE = YES;
				CLANG_WARN__DUPLICATE_METHOD_MATCH = YES;
				COPY_PHASE_STRIP = NO;
				DEBUG_INFORMATION_FORMAT = "dwarf-with-dsym";
				ENABLE_NS_ASSERTIONS = NO;
				ENABLE_STRICT_OBJC_MSGSEND = YES;
				GCC_C_LANGUAGE_STANDARD = gnu11;
				GCC_NO_COMMON_BLOCKS = YES;
				GCC_WARN_64_TO_32_BIT_CONVERSION = YES;
				GCC_WARN_ABOUT_RETURN_TYPE = YES_ERROR;
				GCC_WARN_UNDECLARED_SELECTOR = YES;
				GCC_WARN_UNINITIALIZED_AUTOS = YES_AGGRESSIVE;
				GCC_WARN_UNUSED_FUNCTION = YES;
				GCC_WARN_UNUSED_VARIABLE = YES;
				IPHONEOS_DEPLOYMENT_TARGET = 16.4;
				MTL_ENABLE_DEBUG_INFO = NO;
				MTL_FAST_MATH = YES;
				SDKROOT = iphoneos;
				SWIFT_COMPILATION_MODE = wholemodule;
				SWIFT_OPTIMIZATION_LEVEL = "-O";
				VALIDATE_PRODUCT = YES;
			};
			name = Release;
		};
		4D1C82472AB4840E0059B63C /* Debug */ = {
			isa = XCBuildConfiguration;
			buildSettings = {
				ASSETCATALOG_COMPILER_APPICON_NAME = AppIcon;
				ASSETCATALOG_COMPILER_GLOBAL_ACCENT_COLOR_NAME = AccentColor;
				CODE_SIGN_STYLE = Automatic;
				CURRENT_PROJECT_VERSION = 1;
				DEVELOPMENT_TEAM = X9HZ2QY6GJ;
				GENERATE_INFOPLIST_FILE = YES;
				INFOPLIST_FILE = MTServicesDemo/Info.plist;
				INFOPLIST_KEY_UIApplicationSupportsIndirectInputEvents = YES;
				INFOPLIST_KEY_UILaunchStoryboardName = LaunchScreen;
				INFOPLIST_KEY_UISupportedInterfaceOrientations_iPad = "UIInterfaceOrientationPortrait UIInterfaceOrientationPortraitUpsideDown UIInterfaceOrientationLandscapeLeft UIInterfaceOrientationLandscapeRight";
				INFOPLIST_KEY_UISupportedInterfaceOrientations_iPhone = "UIInterfaceOrientationPortrait UIInterfaceOrientationLandscapeLeft UIInterfaceOrientationLandscapeRight";
				LD_RUNPATH_SEARCH_PATHS = (
					"$(inherited)",
					"@executable_path/Frameworks",
				);
				MARKETING_VERSION = 1.0;
				PRODUCT_BUNDLE_IDENTIFIER = MTServiceDemo.app.MTServicesDemo;
				PRODUCT_NAME = "$(TARGET_NAME)";
				SWIFT_EMIT_LOC_STRINGS = YES;
				SWIFT_VERSION = 5.0;
				TARGETED_DEVICE_FAMILY = "1,2";
			};
			name = Debug;
		};
		4D1C82482AB4840E0059B63C /* Release */ = {
			isa = XCBuildConfiguration;
			buildSettings = {
				ASSETCATALOG_COMPILER_APPICON_NAME = AppIcon;
				ASSETCATALOG_COMPILER_GLOBAL_ACCENT_COLOR_NAME = AccentColor;
				CODE_SIGN_STYLE = Automatic;
				CURRENT_PROJECT_VERSION = 1;
				DEVELOPMENT_TEAM = X9HZ2QY6GJ;
				GENERATE_INFOPLIST_FILE = YES;
				INFOPLIST_FILE = MTServicesDemo/Info.plist;
				INFOPLIST_KEY_UIApplicationSupportsIndirectInputEvents = YES;
				INFOPLIST_KEY_UILaunchStoryboardName = LaunchScreen;
				INFOPLIST_KEY_UISupportedInterfaceOrientations_iPad = "UIInterfaceOrientationPortrait UIInterfaceOrientationPortraitUpsideDown UIInterfaceOrientationLandscapeLeft UIInterfaceOrientationLandscapeRight";
				INFOPLIST_KEY_UISupportedInterfaceOrientations_iPhone = "UIInterfaceOrientationPortrait UIInterfaceOrientationLandscapeLeft UIInterfaceOrientationLandscapeRight";
				LD_RUNPATH_SEARCH_PATHS = (
					"$(inherited)",
					"@executable_path/Frameworks",
				);
				MARKETING_VERSION = 1.0;
				PRODUCT_BUNDLE_IDENTIFIER = MTServiceDemo.app.MTServicesDemo;
				PRODUCT_NAME = "$(TARGET_NAME)";
				SWIFT_EMIT_LOC_STRINGS = YES;
				SWIFT_VERSION = 5.0;
				TARGETED_DEVICE_FAMILY = "1,2";
			};
			name = Release;
		};
/* End XCBuildConfiguration section */

/* Begin XCConfigurationList section */
		4D1C822D2AB4840D0059B63C /* Build configuration list for PBXProject "MTServicesDemo" */ = {
			isa = XCConfigurationList;
			buildConfigurations = (
				4D1C82442AB4840E0059B63C /* Debug */,
				4D1C82452AB4840E0059B63C /* Release */,
			);
			defaultConfigurationIsVisible = 0;
			defaultConfigurationName = Release;
		};
		4D1C82462AB4840E0059B63C /* Build configuration list for PBXNativeTarget "MTServicesDemo" */ = {
			isa = XCConfigurationList;
			buildConfigurations = (
				4D1C82472AB4840E0059B63C /* Debug */,
				4D1C82482AB4840E0059B63C /* Release */,
			);
			defaultConfigurationIsVisible = 0;
			defaultConfigurationName = Release;
		};
/* End XCConfigurationList section */

/* Begin XCRemoteSwiftPackageReference section */
		4DA3A6F72AB4DB4200EDD914 /* XCRemoteSwiftPackageReference "SnapKit" */ = {
			isa = XCRemoteSwiftPackageReference;
			repositoryURL = "https://github.com/SnapKit/SnapKit.git";
			requirement = {
				kind = upToNextMajorVersion;
				minimumVersion = 5.0.0;
			};
		};
/* End XCRemoteSwiftPackageReference section */

/* Begin XCSwiftPackageProductDependency section */
		4DA3A6F82AB4DB4200EDD914 /* SnapKit */ = {
			isa = XCSwiftPackageProductDependency;
			package = 4DA3A6F72AB4DB4200EDD914 /* XCRemoteSwiftPackageReference "SnapKit" */;
			productName = SnapKit;
		};
/* End XCSwiftPackageProductDependency section */
	};
	rootObject = 4D1C822A2AB4840D0059B63C /* Project object */;
}
